// !$*UTF8*$!
{
	archiveVersion = 1;
	classes = {
	};
	objectVersion = 70;
	objects = {

/* Begin PBXContainerItemProxy section */
		D00ABDBE2C679A0000FC53FF /* PBXContainerItemProxy */ = {
			isa = PBXContainerItemProxy;
			containerPortal = D00ABDA42C6799FE00FC53FF /* Project object */;
			proxyType = 1;
			remoteGlobalIDString = D00ABDAB2C6799FE00FC53FF;
			remoteInfo = "Mondaine Clock (Mac)";
		};
		D00ABDC82C679A0000FC53FF /* PBXContainerItemProxy */ = {
			isa = PBXContainerItemProxy;
			containerPortal = D00ABDA42C6799FE00FC53FF /* Project object */;
			proxyType = 1;
			remoteGlobalIDString = D00ABDAB2C6799FE00FC53FF;
			remoteInfo = "Mondaine Clock (Mac)";
		};
/* End PBXContainerItemProxy section */

/* Begin PBXFileReference section */
		D00ABDAC2C6799FE00FC53FF /* Mondaine Clock (Mac).app */ = {isa = PBXFileReference; explicitFileType = wrapper.application; includeInIndex = 0; path = "Mondaine Clock (Mac).app"; sourceTree = BUILT_PRODUCTS_DIR; };
		D00ABDBD2C679A0000FC53FF /* Mondaine Clock (Mac)Tests.xctest */ = {isa = PBXFileReference; explicitFileType = wrapper.cfbundle; includeInIndex = 0; path = "Mondaine Clock (Mac)Tests.xctest"; sourceTree = BUILT_PRODUCTS_DIR; };
		D00ABDC72C679A0000FC53FF /* Mondaine Clock (Mac)UITests.xctest */ = {isa = PBXFileReference; explicitFileType = wrapper.cfbundle; includeInIndex = 0; path = "Mondaine Clock (Mac)UITests.xctest"; sourceTree = BUILT_PRODUCTS_DIR; };
/* End PBXFileReference section */

/* Begin PBXFileSystemSynchronizedRootGroup section */
		D00ABDAE2C6799FE00FC53FF /* Mondaine Clock (Mac) */ = {isa = PBXFileSystemSynchronizedRootGroup; explicitFileTypes = {}; explicitFolders = (); path = "Mondaine Clock (Mac)"; sourceTree = "<group>"; };
		D00ABDC02C679A0000FC53FF /* Mondaine Clock (Mac)Tests */ = {isa = PBXFileSystemSynchronizedRootGroup; explicitFileTypes = {}; explicitFolders = (); path = "Mondaine Clock (Mac)Tests"; sourceTree = "<group>"; };
		D00ABDCA2C679A0000FC53FF /* Mondaine Clock (Mac)UITests */ = {isa = PBXFileSystemSynchronizedRootGroup; explicitFileTypes = {}; explicitFolders = (); path = "Mondaine Clock (Mac)UITests"; sourceTree = "<group>"; };
/* End PBXFileSystemSynchronizedRootGroup section */

/* Begin PBXFrameworksBuildPhase section */
		D00ABDA92C6799FE00FC53FF /* Frameworks */ = {
			isa = PBXFrameworksBuildPhase;
			buildActionMask = 2147483647;
			files = (
			);
			runOnlyForDeploymentPostprocessing = 0;
		};
		D00ABDBA2C679A0000FC53FF /* Frameworks */ = {
			isa = PBXFrameworksBuildPhase;
			buildActionMask = 2147483647;
			files = (
			);
			runOnlyForDeploymentPostprocessing = 0;
		};
		D00ABDC42C679A0000FC53FF /* Frameworks */ = {
			isa = PBXFrameworksBuildPhase;
			buildActionMask = 2147483647;
			files = (
			);
			runOnlyForDeploymentPostprocessing = 0;
		};
/* End PBXFrameworksBuildPhase section */

/* Begin PBXGroup section */
		D00ABDA32C6799FE00FC53FF = {
			isa = PBXGroup;
			children = (
				D00ABDAE2C6799FE00FC53FF /* Mondaine Clock (Mac) */,
				D00ABDC02C679A0000FC53FF /* Mondaine Clock (Mac)Tests */,
				D00ABDCA2C679A0000FC53FF /* Mondaine Clock (Mac)UITests */,
				D00ABDAD2C6799FE00FC53FF /* Products */,
			);
			sourceTree = "<group>";
		};
		D00ABDAD2C6799FE00FC53FF /* Products */ = {
			isa = PBXGroup;
			children = (
				D00ABDAC2C6799FE00FC53FF /* Mondaine Clock (Mac).app */,
				D00ABDBD2C679A0000FC53FF /* Mondaine Clock (Mac)Tests.xctest */,
				D00ABDC72C679A0000FC53FF /* Mondaine Clock (Mac)UITests.xctest */,
			);
			name = Products;
			sourceTree = "<group>";
		};
/* End PBXGroup section */

/* Begin PBXNativeTarget section */
		D00ABDAB2C6799FE00FC53FF /* Mondaine Clock (Mac) */ = {
			isa = PBXNativeTarget;
			buildConfigurationList = D00ABDD12C679A0000FC53FF /* Build configuration list for PBXNativeTarget "Mondaine Clock (Mac)" */;
			buildPhases = (
				D00ABDA82C6799FE00FC53FF /* Sources */,
				D00ABDA92C6799FE00FC53FF /* Frameworks */,
				D00ABDAA2C6799FE00FC53FF /* Resources */,
			);
			buildRules = (
			);
			dependencies = (
			);
			fileSystemSynchronizedGroups = (
				D00ABDAE2C6799FE00FC53FF /* Mondaine Clock (Mac) */,
			);
			name = "Mondaine Clock (Mac)";
			packageProductDependencies = (
			);
			productName = "Mondaine Clock (Mac)";
			productReference = D00ABDAC2C6799FE00FC53FF /* Mondaine Clock (Mac).app */;
			productType = "com.apple.product-type.application";
		};
		D00ABDBC2C679A0000FC53FF /* Mondaine Clock (Mac)Tests */ = {
			isa = PBXNativeTarget;
			buildConfigurationList = D00ABDD42C679A0000FC53FF /* Build configuration list for PBXNativeTarget "Mondaine Clock (Mac)Tests" */;
			buildPhases = (
				D00ABDB92C679A0000FC53FF /* Sources */,
				D00ABDBA2C679A0000FC53FF /* Frameworks */,
				D00ABDBB2C679A0000FC53FF /* Resources */,
			);
			buildRules = (
			);
			dependencies = (
				D00ABDBF2C679A0000FC53FF /* PBXTargetDependency */,
			);
			fileSystemSynchronizedGroups = (
				D00ABDC02C679A0000FC53FF /* Mondaine Clock (Mac)Tests */,
			);
			name = "Mondaine Clock (Mac)Tests";
			packageProductDependencies = (
			);
			productName = "Mondaine Clock (Mac)Tests";
			productReference = D00ABDBD2C679A0000FC53FF /* Mondaine Clock (Mac)Tests.xctest */;
			productType = "com.apple.product-type.bundle.unit-test";
		};
		D00ABDC62C679A0000FC53FF /* Mondaine Clock (Mac)UITests */ = {
			isa = PBXNativeTarget;
			buildConfigurationList = D00ABDD72C679A0000FC53FF /* Build configuration list for PBXNativeTarget "Mondaine Clock (Mac)UITests" */;
			buildPhases = (
				D00ABDC32C679A0000FC53FF /* Sources */,
				D00ABDC42C679A0000FC53FF /* Frameworks */,
				D00ABDC52C679A0000FC53FF /* Resources */,
			);
			buildRules = (
			);
			dependencies = (
				D00ABDC92C679A0000FC53FF /* PBXTargetDependency */,
			);
			fileSystemSynchronizedGroups = (
				D00ABDCA2C679A0000FC53FF /* Mondaine Clock (Mac)UITests */,
			);
			name = "Mondaine Clock (Mac)UITests";
			packageProductDependencies = (
			);
			productName = "Mondaine Clock (Mac)UITests";
			productReference = D00ABDC72C679A0000FC53FF /* Mondaine Clock (Mac)UITests.xctest */;
			productType = "com.apple.product-type.bundle.ui-testing";
		};
/* End PBXNativeTarget section */

/* Begin PBXProject section */
		D00ABDA42C6799FE00FC53FF /* Project object */ = {
			isa = PBXProject;
			attributes = {
				BuildIndependentTargetsInParallel = 1;
				LastSwiftUpdateCheck = 1600;
				LastUpgradeCheck = 1600;
				TargetAttributes = {
					D00ABDAB2C6799FE00FC53FF = {
						CreatedOnToolsVersion = 16.0;
					};
					D00ABDBC2C679A0000FC53FF = {
						CreatedOnToolsVersion = 16.0;
						TestTargetID = D00ABDAB2C6799FE00FC53FF;
					};
					D00ABDC62C679A0000FC53FF = {
						CreatedOnToolsVersion = 16.0;
						TestTargetID = D00ABDAB2C6799FE00FC53FF;
					};
				};
			};
			buildConfigurationList = D00ABDA72C6799FE00FC53FF /* Build configuration list for PBXProject "Mondaine Clock (Mac)" */;
			compatibilityVersion = "Xcode 15.0";
			developmentRegion = en;
			hasScannedForEncodings = 0;
			knownRegions = (
				en,
				Base,
			);
			mainGroup = D00ABDA32C6799FE00FC53FF;
			productRefGroup = D00ABDAD2C6799FE00FC53FF /* Products */;
			projectDirPath = "";
			projectRoot = "";
			targets = (
				D00ABDAB2C6799FE00FC53FF /* Mondaine Clock (Mac) */,
				D00ABDBC2C679A0000FC53FF /* Mondaine Clock (Mac)Tests */,
				D00ABDC62C679A0000FC53FF /* Mondaine Clock (Mac)UITests */,
			);
		};
/* End PBXProject section */

/* Begin PBXResourcesBuildPhase section */
		D00ABDAA2C6799FE00FC53FF /* Resources */ = {
			isa = PBXResourcesBuildPhase;
			buildActionMask = 2147483647;
			files = (
			);
			runOnlyForDeploymentPostprocessing = 0;
		};
		D00ABDBB2C679A0000FC53FF /* Resources */ = {
			isa = PBXResourcesBuildPhase;
			buildActionMask = 2147483647;
			files = (
			);
			runOnlyForDeploymentPostprocessing = 0;
		};
		D00ABDC52C679A0000FC53FF /* Resources */ = {
			isa = PBXResourcesBuildPhase;
			buildActionMask = 2147483647;
			files = (
			);
			runOnlyForDeploymentPostprocessing = 0;
		};
/* End PBXResourcesBuildPhase section */

/* Begin PBXSourcesBuildPhase section */
		D00ABDA82C6799FE00FC53FF /* Sources */ = {
			isa = PBXSourcesBuildPhase;
			buildActionMask = 2147483647;
			files = (
			);
			runOnlyForDeploymentPostprocessing = 0;
		};
		D00ABDB92C679A0000FC53FF /* Sources */ = {
			isa = PBXSourcesBuildPhase;
			buildActionMask = 2147483647;
			files = (
			);
			runOnlyForDeploymentPostprocessing = 0;
		};
		D00ABDC32C679A0000FC53FF /* Sources */ = {
			isa = PBXSourcesBuildPhase;
			buildActionMask = 2147483647;
			files = (
			);
			runOnlyForDeploymentPostprocessing = 0;
		};
/* End PBXSourcesBuildPhase section */

/* Begin PBXTargetDependency section */
		D00ABDBF2C679A0000FC53FF /* PBXTargetDependency */ = {
			isa = PBXTargetDependency;
			target = D00ABDAB2C6799FE00FC53FF /* Mondaine Clock (Mac) */;
			targetProxy = D00ABDBE2C679A0000FC53FF /* PBXContainerItemProxy */;
		};
		D00ABDC92C679A0000FC53FF /* PBXTargetDependency */ = {
			isa = PBXTargetDependency;
			target = D00ABDAB2C6799FE00FC53FF /* Mondaine Clock (Mac) */;
			targetProxy = D00ABDC82C679A0000FC53FF /* PBXContainerItemProxy */;
		};
/* End PBXTargetDependency section */

/* Begin XCBuildConfiguration section */
		D00ABDCF2C679A0000FC53FF /* Debug */ = {
			isa = XCBuildConfiguration;
			buildSettings = {
				ALWAYS_SEARCH_USER_PATHS = NO;
				ASSETCATALOG_COMPILER_GENERATE_SWIFT_ASSET_SYMBOL_EXTENSIONS = YES;
				CLANG_ANALYZER_NONNULL = YES;
				CLANG_ANALYZER_NUMBER_OBJECT_CONVERSION = YES_AGGRESSIVE;
				CLANG_CXX_LANGUAGE_STANDARD = "gnu++20";
				CLANG_ENABLE_MODULES = YES;
				CLANG_ENABLE_OBJC_ARC = YES;
				CLANG_ENABLE_OBJC_WEAK = YES;
				CLANG_WARN_BLOCK_CAPTURE_AUTORELEASING = YES;
				CLANG_WARN_BOOL_CONVERSION = YES;
				CLANG_WARN_COMMA = YES;
				CLANG_WARN_CONSTANT_CONVERSION = YES;
				CLANG_WARN_DEPRECATED_OBJC_IMPLEMENTATIONS = YES;
				CLANG_WARN_DIRECT_OBJC_ISA_USAGE = YES_ERROR;
				CLANG_WARN_DOCUMENTATION_COMMENTS = YES;
				CLANG_WARN_EMPTY_BODY = YES;
				CLANG_WARN_ENUM_CONVERSION = YES;
				CLANG_WARN_INFINITE_RECURSION = YES;
				CLANG_WARN_INT_CONVERSION = YES;
				CLANG_WARN_NON_LITERAL_NULL_CONVERSION = YES;
				CLANG_WARN_OBJC_IMPLICIT_RETAIN_SELF = YES;
				CLANG_WARN_OBJC_LITERAL_CONVERSION = YES;
				CLANG_WARN_OBJC_ROOT_CLASS = YES_ERROR;
				CLANG_WARN_QUOTED_INCLUDE_IN_FRAMEWORK_HEADER = YES;
				CLANG_WARN_RANGE_LOOP_ANALYSIS = YES;
				CLANG_WARN_STRICT_PROTOTYPES = YES;
				CLANG_WARN_SUSPICIOUS_MOVE = YES;
				CLANG_WARN_UNGUARDED_AVAILABILITY = YES_AGGRESSIVE;
				CLANG_WARN_UNREACHABLE_CODE = YES;
				CLANG_WARN__DUPLICATE_METHOD_MATCH = YES;
				COPY_PHASE_STRIP = NO;
				DEBUG_INFORMATION_FORMAT = dwarf;
				ENABLE_STRICT_OBJC_MSGSEND = YES;
				ENABLE_TESTABILITY = YES;
				ENABLE_USER_SCRIPT_SANDBOXING = YES;
				GCC_C_LANGUAGE_STANDARD = gnu17;
				GCC_DYNAMIC_NO_PIC = NO;
				GCC_NO_COMMON_BLOCKS = YES;
				GCC_OPTIMIZATION_LEVEL = 0;
				GCC_PREPROCESSOR_DEFINITIONS = (
					"DEBUG=1",
					"$(inherited)",
				);
				GCC_WARN_64_TO_32_BIT_CONVERSION = YES;
				GCC_WARN_ABOUT_RETURN_TYPE = YES_ERROR;
				GCC_WARN_UNDECLARED_SELECTOR = YES;
				GCC_WARN_UNINITIALIZED_AUTOS = YES_AGGRESSIVE;
				GCC_WARN_UNUSED_FUNCTION = YES;
				GCC_WARN_UNUSED_VARIABLE = YES;
				LOCALIZATION_PREFERS_STRING_CATALOGS = YES;
				MACOSX_DEPLOYMENT_TARGET = 11.0;
				MTL_ENABLE_DEBUG_INFO = INCLUDE_SOURCE;
				MTL_FAST_MATH = YES;
				ONLY_ACTIVE_ARCH = NO;
				SDKROOT = macosx;
				SWIFT_ACTIVE_COMPILATION_CONDITIONS = "DEBUG $(inherited)";
				SWIFT_OPTIMIZATION_LEVEL = "-Onone";
			};
			name = Debug;
		};
		D00ABDD02C679A0000FC53FF /* Release */ = {
			isa = XCBuildConfiguration;
			buildSettings = {
				ALWAYS_SEARCH_USER_PATHS = NO;
				ASSETCATALOG_COMPILER_GENERATE_SWIFT_ASSET_SYMBOL_EXTENSIONS = YES;
				CLANG_ANALYZER_NONNULL = YES;
				CLANG_ANALYZER_NUMBER_OBJECT_CONVERSION = YES_AGGRESSIVE;
				CLANG_CXX_LANGUAGE_STANDARD = "gnu++20";
				CLANG_ENABLE_MODULES = YES;
				CLANG_ENABLE_OBJC_ARC = YES;
				CLANG_ENABLE_OBJC_WEAK = YES;
				CLANG_WARN_BLOCK_CAPTURE_AUTORELEASING = YES;
				CLANG_WARN_BOOL_CONVERSION = YES;
				CLANG_WARN_COMMA = YES;
				CLANG_WARN_CONSTANT_CONVERSION = YES;
				CLANG_WARN_DEPRECATED_OBJC_IMPLEMENTATIONS = YES;
				CLANG_WARN_DIRECT_OBJC_ISA_USAGE = YES_ERROR;
				CLANG_WARN_DOCUMENTATION_COMMENTS = YES;
				CLANG_WARN_EMPTY_BODY = YES;
				CLANG_WARN_ENUM_CONVERSION = YES;
				CLANG_WARN_INFINITE_RECURSION = YES;
				CLANG_WARN_INT_CONVERSION = YES;
				CLANG_WARN_NON_LITERAL_NULL_CONVERSION = YES;
				CLANG_WARN_OBJC_IMPLICIT_RETAIN_SELF = YES;
				CLANG_WARN_OBJC_LITERAL_CONVERSION = YES;
				CLANG_WARN_OBJC_ROOT_CLASS = YES_ERROR;
				CLANG_WARN_QUOTED_INCLUDE_IN_FRAMEWORK_HEADER = YES;
				CLANG_WARN_RANGE_LOOP_ANALYSIS = YES;
				CLANG_WARN_STRICT_PROTOTYPES = YES;
				CLANG_WARN_SUSPICIOUS_MOVE = YES;
				CLANG_WARN_UNGUARDED_AVAILABILITY = YES_AGGRESSIVE;
				CLANG_WARN_UNREACHABLE_CODE = YES;
				CLANG_WARN__DUPLICATE_METHOD_MATCH = YES;
				COPY_PHASE_STRIP = NO;
				DEBUG_INFORMATION_FORMAT = "dwarf-with-dsym";
				ENABLE_NS_ASSERTIONS = NO;
				ENABLE_STRICT_OBJC_MSGSEND = YES;
				ENABLE_USER_SCRIPT_SANDBOXING = YES;
				GCC_C_LANGUAGE_STANDARD = gnu17;
				GCC_NO_COMMON_BLOCKS = YES;
				GCC_WARN_64_TO_32_BIT_CONVERSION = YES;
				GCC_WARN_ABOUT_RETURN_TYPE = YES_ERROR;
				GCC_WARN_UNDECLARED_SELECTOR = YES;
				GCC_WARN_UNINITIALIZED_AUTOS = YES_AGGRESSIVE;
				GCC_WARN_UNUSED_FUNCTION = YES;
				GCC_WARN_UNUSED_VARIABLE = YES;
				LOCALIZATION_PREFERS_STRING_CATALOGS = YES;
				MACOSX_DEPLOYMENT_TARGET = 11.0;
				MTL_ENABLE_DEBUG_INFO = NO;
				MTL_FAST_MATH = YES;
				ONLY_ACTIVE_ARCH = YES;
				SDKROOT = macosx;
				SWIFT_COMPILATION_MODE = wholemodule;
			};
			name = Release;
		};
		D00ABDD22C679A0000FC53FF /* Debug */ = {
			isa = XCBuildConfiguration;
			buildSettings = {
				ASSETCATALOG_COMPILER_APPICON_NAME = AppIcon;
				ASSETCATALOG_COMPILER_GLOBAL_ACCENT_COLOR_NAME = AccentColor;
				CODE_SIGN_ENTITLEMENTS = "Mondaine Clock (Mac)/Mondaine_Clock__Mac_.entitlements";
				"CODE_SIGN_IDENTITY[sdk=macosx*]" = "Apple Development";
				CODE_SIGN_STYLE = Automatic;
				COMBINE_HIDPI_IMAGES = YES;
				CURRENT_PROJECT_VERSION = 1;
				DEVELOPMENT_ASSET_PATHS = "\"Mondaine Clock (Mac)/Preview Content\"";
				DEVELOPMENT_TEAM = BBAR5JX2W8;
				ENABLE_HARDENED_RUNTIME = YES;
				ENABLE_PREVIEWS = YES;
				GENERATE_INFOPLIST_FILE = YES;
				INFOPLIST_KEY_LSApplicationCategoryType = "public.app-category.utilities";
				INFOPLIST_KEY_NSHumanReadableCopyright = "";
				LD_RUNPATH_SEARCH_PATHS = (
					"$(inherited)",
					"@executable_path/../Frameworks",
				);
				MACOSX_DEPLOYMENT_TARGET = 11.0;
				MARKETING_VERSION = 1.0;
				PRODUCT_BUNDLE_IDENTIFIER = "com.donotreply.Mondaine-Clock--Mac-";
				PRODUCT_NAME = "$(TARGET_NAME)";
				SWIFT_EMIT_LOC_STRINGS = YES;
				SWIFT_VERSION = 5.0;
			};
			name = Debug;
		};
		D00ABDD32C679A0000FC53FF /* Release */ = {
			isa = XCBuildConfiguration;
			buildSettings = {
				ASSETCATALOG_COMPILER_APPICON_NAME = AppIcon;
				ASSETCATALOG_COMPILER_GLOBAL_ACCENT_COLOR_NAME = AccentColor;
				CODE_SIGN_ENTITLEMENTS = "Mondaine Clock (Mac)/Mondaine_Clock__Mac_.entitlements";
				"CODE_SIGN_IDENTITY[sdk=macosx*]" = "Apple Development";
				CODE_SIGN_STYLE = Automatic;
				COMBINE_HIDPI_IMAGES = YES;
				CURRENT_PROJECT_VERSION = 1;
				DEVELOPMENT_ASSET_PATHS = "\"Mondaine Clock (Mac)/Preview Content\"";
				DEVELOPMENT_TEAM = BBAR5JX2W8;
				ENABLE_HARDENED_RUNTIME = YES;
				ENABLE_PREVIEWS = YES;
				GENERATE_INFOPLIST_FILE = YES;
				INFOPLIST_KEY_LSApplicationCategoryType = "public.app-category.utilities";
				INFOPLIST_KEY_NSHumanReadableCopyright = "";
				LD_RUNPATH_SEARCH_PATHS = (
					"$(inherited)",
					"@executable_path/../Frameworks",
				);
				MACOSX_DEPLOYMENT_TARGET = 11.0;
				MARKETING_VERSION = 1.0;
				PRODUCT_BUNDLE_IDENTIFIER = "com.donotreply.Mondaine-Clock--Mac-";
				PRODUCT_NAME = "$(TARGET_NAME)";
				SWIFT_EMIT_LOC_STRINGS = YES;
				SWIFT_VERSION = 5.0;
			};
			name = Release;
		};
		D00ABDD52C679A0000FC53FF /* Debug */ = {
			isa = XCBuildConfiguration;
			buildSettings = {
				BUNDLE_LOADER = "$(TEST_HOST)";
				CODE_SIGN_STYLE = Automatic;
				CURRENT_PROJECT_VERSION = 1;
				DEVELOPMENT_TEAM = BBAR5JX2W8;
				GENERATE_INFOPLIST_FILE = YES;
				MACOSX_DEPLOYMENT_TARGET = 15.0;
				MARKETING_VERSION = 1.0;
				PRODUCT_BUNDLE_IDENTIFIER = "com.donotreply.Mondaine-Clock--Mac-Tests";
				PRODUCT_NAME = "$(TARGET_NAME)";
				SWIFT_EMIT_LOC_STRINGS = NO;
				SWIFT_VERSION = 5.0;
				TEST_HOST = "$(BUILT_PRODUCTS_DIR)/Mondaine Clock (Mac).app/$(BUNDLE_EXECUTABLE_FOLDER_PATH)/Mondaine Clock (Mac)";
			};
			name = Debug;
		};
		D00ABDD62C679A0000FC53FF /* Release */ = {
			isa = XCBuildConfiguration;
			buildSettings = {
				BUNDLE_LOADER = "$(TEST_HOST)";
				CODE_SIGN_STYLE = Automatic;
				CURRENT_PROJECT_VERSION = 1;
				DEVELOPMENT_TEAM = BBAR5JX2W8;
				GENERATE_INFOPLIST_FILE = YES;
				MACOSX_DEPLOYMENT_TARGET = 15.0;
				MARKETING_VERSION = 1.0;
				PRODUCT_BUNDLE_IDENTIFIER = "com.donotreply.Mondaine-Clock--Mac-Tests";
				PRODUCT_NAME = "$(TARGET_NAME)";
				SWIFT_EMIT_LOC_STRINGS = NO;
				SWIFT_VERSION = 5.0;
				TEST_HOST = "$(BUILT_PRODUCTS_DIR)/Mondaine Clock (Mac).app/$(BUNDLE_EXECUTABLE_FOLDER_PATH)/Mondaine Clock (Mac)";
			};
			name = Release;
		};
		D00ABDD82C679A0000FC53FF /* Debug */ = {
			isa = XCBuildConfiguration;
			buildSettings = {
				CODE_SIGN_STYLE = Automatic;
				CURRENT_PROJECT_VERSION = 1;
				DEVELOPMENT_TEAM = BBAR5JX2W8;
				GENERATE_INFOPLIST_FILE = YES;
				MARKETING_VERSION = 1.0;
				PRODUCT_BUNDLE_IDENTIFIER = "com.donotreply.Mondaine-Clock--Mac-UITests";
				PRODUCT_NAME = "$(TARGET_NAME)";
				SWIFT_EMIT_LOC_STRINGS = NO;
				SWIFT_VERSION = 5.0;
				TEST_TARGET_NAME = "Mondaine Clock (Mac)";
			};
			name = Debug;
		};
		D00ABDD92C679A0000FC53FF /* Release */ = {
			isa = XCBuildConfiguration;
			buildSettings = {
				CODE_SIGN_STYLE = Automatic;
				CURRENT_PROJECT_VERSION = 1;
				DEVELOPMENT_TEAM = BBAR5JX2W8;
				GENERATE_INFOPLIST_FILE = YES;
				MARKETING_VERSION = 1.0;
				PRODUCT_BUNDLE_IDENTIFIER = "com.donotreply.Mondaine-Clock--Mac-UITests";
				PRODUCT_NAME = "$(TARGET_NAME)";
				SWIFT_EMIT_LOC_STRINGS = NO;
				SWIFT_VERSION = 5.0;
				TEST_TARGET_NAME = "Mondaine Clock (Mac)";
			};
			name = Release;
		};
/* End XCBuildConfiguration section */

/* Begin XCConfigurationList section */
		D00ABDA72C6799FE00FC53FF /* Build configuration list for PBXProject "Mondaine Clock (Mac)" */ = {
			isa = XCConfigurationList;
			buildConfigurations = (
				D00ABDCF2C679A0000FC53FF /* Debug */,
				D00ABDD02C679A0000FC53FF /* Release */,
			);
			defaultConfigurationIsVisible = 0;
			defaultConfigurationName = Release;
		};
		D00ABDD12C679A0000FC53FF /* Build configuration list for PBXNativeTarget "Mondaine Clock (Mac)" */ = {
			isa = XCConfigurationList;
			buildConfigurations = (
				D00ABDD22C679A0000FC53FF /* Debug */,
				D00ABDD32C679A0000FC53FF /* Release */,
			);
			defaultConfigurationIsVisible = 0;
			defaultConfigurationName = Release;
		};
		D00ABDD42C679A0000FC53FF /* Build configuration list for PBXNativeTarget "Mondaine Clock (Mac)Tests" */ = {
			isa = XCConfigurationList;
			buildConfigurations = (
				D00ABDD52C679A0000FC53FF /* Debug */,
				D00ABDD62C679A0000FC53FF /* Release */,
			);
			defaultConfigurationIsVisible = 0;
			defaultConfigurationName = Release;
		};
		D00ABDD72C679A0000FC53FF /* Build configuration list for PBXNativeTarget "Mondaine Clock (Mac)UITests" */ = {
			isa = XCConfigurationList;
			buildConfigurations = (
				D00ABDD82C679A0000FC53FF /* Debug */,
				D00ABDD92C679A0000FC53FF /* Release */,
			);
			defaultConfigurationIsVisible = 0;
			defaultConfigurationName = Release;
		};
/* End XCConfigurationList section */
	};
	rootObject = D00ABDA42C6799FE00FC53FF /* Project object */;
}
